# This file is autogenerated, do not edit; changes may be undone by the next 'dep ensure'.


[[projects]]
  name = "github.com/go-kit/kit"
  packages = ["endpoint","log","transport/http"]
  revision = "4dc7be5d2d12881735283bcab7352178e190fc71"
  version = "v0.6.0"

[[projects]]
  name = "github.com/go-logfmt/logfmt"
  packages = ["."]
  revision = "390ab7935ee28ec6b286364bba9b4dd6410cb3d5"
  version = "v0.3.0"

[[projects]]
  branch = "master"
  name = "github.com/go-midway/midway"
  packages = ["."]
  revision = "4194f70d35dfd55fb476438c1c5ed619f9163aff"

[[projects]]
  branch = "master"
  name = "github.com/go-serve/bindatafs"
  packages = ["."]
  revision = "1f30d36183f010db5e83986b3554c1a1d9f32d47"

[[projects]]
  name = "github.com/go-stack/stack"
  packages = ["."]
  revision = "259ab82a6cad3992b4e21ff5cac294ccb06474bc"
  version = "v1.7.0"

[[projects]]
  name = "github.com/graphql-go/graphql"
  packages = [".","gqlerrors","language/ast","language/kinds","language/lexer","language/location","language/parser","language/printer","language/source","language/typeInfo","language/visitor"]
  revision = "0c7d73fea519ce6751ecb4d5835c5a87a384cf6c"
  version = "v0.7.3"

[[projects]]
  branch = "master"
  name = "github.com/kr/logfmt"
  packages = ["."]
  revision = "b84e30acd515aadc4b783ad4ff83aff3299bdfe0"

[[projects]]
  branch = "master"
  name = "golang.org/x/net"
  packages = ["context","webdav","webdav/internal/xml"]
  revision = "faacc1b5e36e3ff02cbec9661c69ac63dd5a83ad"

[[projects]]
  branch = "master"
  name = "golang.org/x/tools"
  packages = ["godoc/vfs","godoc/vfs/httpfs"]
  revision = "71657689f07604379fce067b57ff757f42c0bf3d"

[[projects]]
  name = "gopkg.in/ahmetb/go-linq.v3"
  packages = ["."]
  revision = "7e71c124c1f903df09ca08678f145f68b45d125e"
  version = "v3.0.0"

[solve-meta]
  analyzer-name = "dep"
  analyzer-version = 1
  inputs-digest = "ca60ddfb04b3d8f15b2d17ce9cbb469e9468e9c3102fe295346543212c51438b"
  solver-name = "gps-cdcl"
  solver-version = 1
